
Microsoft Visual Studio Solution File, Format Version 12.00
# Visual Studio Version 17
VisualStudioVersion = 17.4.33213.308
MinimumVisualStudioVersion = 10.0.40219.1
Project("{FAE04EC0-301F-11D3-BF4B-00C04F79EFBC}") = "005_NotebookMini", "005_NotebookMini\005_NotebookMini.csproj", "{FC5BF31E-9694-4D35-9348-EF0BEEAB745A}"
EndProject
Global
	GlobalSection(SolutionConfigurationPlatforms) = preSolution
		Debug|Any CPU = Debug|Any CPU
		Release|Any CPU = Release|Any CPU
	EndGlobalSection
	GlobalSection(ProjectConfigurationPlatforms) = postSolution
		{FC5BF31E-9694-4D35-9348-EF0BEEAB745A}.Debug|Any CPU.ActiveCfg = Debug|Any CPU
		{FC5BF31E-9694-4D35-9348-EF0BEEAB745A}.Debug|Any CPU.Build.0 = Debug|Any CPU
		{FC5BF31E-9694-4D35-9348-EF0BEEAB745A}.Release|Any CPU.ActiveCfg = Release|Any CPU
		{FC5BF31E-9694-4D35-9348-EF0BEEAB745A}.Release|Any CPU.Build.0 = Release|Any CPU
	EndGlobalSection
	GlobalSection(SolutionProperties) = preSolution
		HideSolutionNode = FALSE
	EndGlobalSection
	GlobalSection(ExtensibilityGlobals) = postSolution
		SolutionGuid = {12343596-3C74-4ADC-9B56-6A3BBB8D922F}
	EndGlobalSection
EndGlobal
